
Microsoft Visual Studio Solution File, Format Version 12.00
# Visual Studio Version 17
VisualStudioVersion = 17.7.34018.315
MinimumVisualStudioVersion = 10.0.40219.1
Project("{FAE04EC0-301F-11D3-BF4B-00C04F79EFBC}") = "ListorUppgift1", "ListorUppgift1\ListorUppgift1.csproj", "{FB5EA7D9-59B2-47A1-AA08-2D8DC1445995}"
EndProject
Global
	GlobalSection(SolutionConfigurationPlatforms) = preSolution
		Debug|Any CPU = Debug|Any CPU
		Release|Any CPU = Release|Any CPU
	EndGlobalSection
	GlobalSection(ProjectConfigurationPlatforms) = postSolution
		{FB5EA7D9-59B2-47A1-AA08-2D8DC1445995}.Debug|Any CPU.ActiveCfg = Debug|Any CPU
		{FB5EA7D9-59B2-47A1-AA08-2D8DC1445995}.Debug|Any CPU.Build.0 = Debug|Any CPU
		{FB5EA7D9-59B2-47A1-AA08-2D8DC1445995}.Release|Any CPU.ActiveCfg = Release|Any CPU
		{FB5EA7D9-59B2-47A1-AA08-2D8DC1445995}.Release|Any CPU.Build.0 = Release|Any CPU
	EndGlobalSection
	GlobalSection(SolutionProperties) = preSolution
		HideSolutionNode = FALSE
	EndGlobalSection
	GlobalSection(ExtensibilityGlobals) = postSolution
		SolutionGuid = {56D37231-001A-4589-A632-8A6D9189B58C}
	EndGlobalSection
EndGlobal
